
Microsoft Visual Studio Solution File, Format Version 12.00
# Visual Studio 2012
Project("{FAE04EC0-301F-11D3-BF4B-00C04F79EFBC}") = "BackboneMVC", "BackboneMVC\BackboneMVC.csproj", "{F957E488-4C7C-4781-809C-D79D226CBE70}"
EndProject
Project("{FAE04EC0-301F-11D3-BF4B-00C04F79EFBC}") = "BackboneMVCShell", "BackboneMVCShell\BackboneMVCShell.csproj", "{DD4E93B1-310A-439F-A15D-867AA2918430}"
EndProject
Global
	GlobalSection(SolutionConfigurationPlatforms) = preSolution
		Debug|Any CPU = Debug|Any CPU
		Release|Any CPU = Release|Any CPU
	EndGlobalSection
	GlobalSection(ProjectConfigurationPlatforms) = postSolution
		{F957E488-4C7C-4781-809C-D79D226CBE70}.Debug|Any CPU.ActiveCfg = Debug|Any CPU
		{F957E488-4C7C-4781-809C-D79D226CBE70}.Debug|Any CPU.Build.0 = Debug|Any CPU
		{F957E488-4C7C-4781-809C-D79D226CBE70}.Release|Any CPU.ActiveCfg = Release|Any CPU
		{F957E488-4C7C-4781-809C-D79D226CBE70}.Release|Any CPU.Build.0 = Release|Any CPU
		{DD4E93B1-310A-439F-A15D-867AA2918430}.Debug|Any CPU.ActiveCfg = Debug|Any CPU
		{DD4E93B1-310A-439F-A15D-867AA2918430}.Debug|Any CPU.Build.0 = Debug|Any CPU
		{DD4E93B1-310A-439F-A15D-867AA2918430}.Release|Any CPU.ActiveCfg = Release|Any CPU
		{DD4E93B1-310A-439F-A15D-867AA2918430}.Release|Any CPU.Build.0 = Release|Any CPU
	EndGlobalSection
	GlobalSection(SolutionProperties) = preSolution
		HideSolutionNode = FALSE
	EndGlobalSection
EndGlobal
